
Microsoft Visual Studio Solution File, Format Version 12.00
# Visual Studio Version 17
VisualStudioVersion = 17.5.33414.496
MinimumVisualStudioVersion = 10.0.40219.1
Project("{FAE04EC0-301F-11D3-BF4B-00C04F79EFBC}") = "OrderingApp", "OrderingApp\OrderingApp.csproj", "{04AC6426-0EE7-46C7-84A5-9D945AA7E31B}"
EndProject
Global
	GlobalSection(SolutionConfigurationPlatforms) = preSolution
		Debug|Any CPU = Debug|Any CPU
		Release|Any CPU = Release|Any CPU
	EndGlobalSection
	GlobalSection(ProjectConfigurationPlatforms) = postSolution
		{04AC6426-0EE7-46C7-84A5-9D945AA7E31B}.Debug|Any CPU.ActiveCfg = Debug|Any CPU
		{04AC6426-0EE7-46C7-84A5-9D945AA7E31B}.Debug|Any CPU.Build.0 = Debug|Any CPU
		{04AC6426-0EE7-46C7-84A5-9D945AA7E31B}.Release|Any CPU.ActiveCfg = Release|Any CPU
		{04AC6426-0EE7-46C7-84A5-9D945AA7E31B}.Release|Any CPU.Build.0 = Release|Any CPU
	EndGlobalSection
	GlobalSection(SolutionProperties) = preSolution
		HideSolutionNode = FALSE
	EndGlobalSection
	GlobalSection(ExtensibilityGlobals) = postSolution
		SolutionGuid = {EDD4372C-BECB-40C7-A463-90FB688D375B}
	EndGlobalSection
EndGlobal
